// !$*UTF8*$!
{
	archiveVersion = 1;
	classes = {
	};
	objectVersion = 46;
	objects = {

/* Begin PBXBuildFile section */
		5B0AA7151DC630990057AF29 /* Connection.m in Sources */ = {isa = PBXBuildFile; fileRef = 5B0AA7141DC630990057AF29 /* Connection.m */; };
		5B0AA7181DC653460057AF29 /* Estabelecimento.m in Sources */ = {isa = PBXBuildFile; fileRef = 5B0AA7171DC653460057AF29 /* Estabelecimento.m */; };
		5B0AA71B1DC671270057AF29 /* EstabelecimentoTableViewCell.m in Sources */ = {isa = PBXBuildFile; fileRef = 5B0AA71A1DC671270057AF29 /* EstabelecimentoTableViewCell.m */; };
		5B0AA7221DC67B2E0057AF29 /* EstabelecimentoViewController.m in Sources */ = {isa = PBXBuildFile; fileRef = 5B0AA7211DC67B2E0057AF29 /* EstabelecimentoViewController.m */; };
		5B8C96F81DB9AEA800BC4A8A /* main.m in Sources */ = {isa = PBXBuildFile; fileRef = 5B8C96F71DB9AEA800BC4A8A /* main.m */; };
		5B8C96FB1DB9AEA800BC4A8A /* AppDelegate.m in Sources */ = {isa = PBXBuildFile; fileRef = 5B8C96FA1DB9AEA800BC4A8A /* AppDelegate.m */; };
		5B8C96FE1DB9AEA800BC4A8A /* ViewController.m in Sources */ = {isa = PBXBuildFile; fileRef = 5B8C96FD1DB9AEA800BC4A8A /* ViewController.m */; };
		5B8C97011DB9AEA800BC4A8A /* Main.storyboard in Resources */ = {isa = PBXBuildFile; fileRef = 5B8C96FF1DB9AEA800BC4A8A /* Main.storyboard */; };
		5B8C97041DB9AEA800BC4A8A /* Projeto_IOS.xcdatamodeld in Sources */ = {isa = PBXBuildFile; fileRef = 5B8C97021DB9AEA800BC4A8A /* Projeto_IOS.xcdatamodeld */; };
		5B8C97061DB9AEA800BC4A8A /* Assets.xcassets in Resources */ = {isa = PBXBuildFile; fileRef = 5B8C97051DB9AEA800BC4A8A /* Assets.xcassets */; };
		5B8C97091DB9AEA800BC4A8A /* LaunchScreen.storyboard in Resources */ = {isa = PBXBuildFile; fileRef = 5B8C97071DB9AEA800BC4A8A /* LaunchScreen.storyboard */; };
		5B8C97121DB9AF9900BC4A8A /* MapKit.framework in Frameworks */ = {isa = PBXBuildFile; fileRef = 5B8C97111DB9AF9900BC4A8A /* MapKit.framework */; };
		E3B202C71DCAAA5000271614 /* FavoritosViewController.m in Sources */ = {isa = PBXBuildFile; fileRef = E3B202C61DCAAA5000271614 /* FavoritosViewController.m */; };
		E3B202CA1DCAD3E800271614 /* FavoritosTableViewCell.m in Sources */ = {isa = PBXBuildFile; fileRef = E3B202C91DCAD3E800271614 /* FavoritosTableViewCell.m */; };
		E3C6BED41DCC1B6200DCB357 /* TabEstabelecimento+CoreDataProperties.m in Sources */ = {isa = PBXBuildFile; fileRef = E3C6BED31DCC1B6200DCB357 /* TabEstabelecimento+CoreDataProperties.m */; };
/* End PBXBuildFile section */

/* Begin PBXFileReference section */
		5B0AA7131DC630990057AF29 /* Connection.h */ = {isa = PBXFileReference; fileEncoding = 4; lastKnownFileType = sourcecode.c.h; name = Connection.h; path = class/Connection.h; sourceTree = "<group>"; };
		5B0AA7141DC630990057AF29 /* Connection.m */ = {isa = PBXFileReference; fileEncoding = 4; lastKnownFileType = sourcecode.c.objc; name = Connection.m; path = class/Connection.m; sourceTree = "<group>"; };
		5B0AA7161DC653460057AF29 /* Estabelecimento.h */ = {isa = PBXFileReference; fileEncoding = 4; lastKnownFileType = sourcecode.c.h; name = Estabelecimento.h; path = class/Estabelecimento.h; sourceTree = "<group>"; };
		5B0AA7171DC653460057AF29 /* Estabelecimento.m */ = {isa = PBXFileReference; fileEncoding = 4; lastKnownFileType = sourcecode.c.objc; name = Estabelecimento.m; path = class/Estabelecimento.m; sourceTree = "<group>"; };
		5B0AA7191DC671270057AF29 /* EstabelecimentoTableViewCell.h */ = {isa = PBXFileReference; fileEncoding = 4; lastKnownFileType = sourcecode.c.h; name = EstabelecimentoTableViewCell.h; path = class/EstabelecimentoTableViewCell.h; sourceTree = "<group>"; };
		5B0AA71A1DC671270057AF29 /* EstabelecimentoTableViewCell.m */ = {isa = PBXFileReference; fileEncoding = 4; lastKnownFileType = sourcecode.c.objc; name = EstabelecimentoTableViewCell.m; path = class/EstabelecimentoTableViewCell.m; sourceTree = "<group>"; };
		5B0AA7201DC67B2E0057AF29 /* EstabelecimentoViewController.h */ = {isa = PBXFileReference; fileEncoding = 4; lastKnownFileType = sourcecode.c.h; name = EstabelecimentoViewController.h; path = class/EstabelecimentoViewController.h; sourceTree = "<group>"; };
		5B0AA7211DC67B2E0057AF29 /* EstabelecimentoViewController.m */ = {isa = PBXFileReference; fileEncoding = 4; lastKnownFileType = sourcecode.c.objc; name = EstabelecimentoViewController.m; path = class/EstabelecimentoViewController.m; sourceTree = "<group>"; };
		5B8C96F31DB9AEA700BC4A8A /* Projeto_IOS.app */ = {isa = PBXFileReference; explicitFileType = wrapper.application; includeInIndex = 0; path = Projeto_IOS.app; sourceTree = BUILT_PRODUCTS_DIR; };
		5B8C96F71DB9AEA800BC4A8A /* main.m */ = {isa = PBXFileReference; lastKnownFileType = sourcecode.c.objc; path = main.m; sourceTree = "<group>"; };
		5B8C96F91DB9AEA800BC4A8A /* AppDelegate.h */ = {isa = PBXFileReference; lastKnownFileType = sourcecode.c.h; path = AppDelegate.h; sourceTree = "<group>"; };
		5B8C96FA1DB9AEA800BC4A8A /* AppDelegate.m */ = {isa = PBXFileReference; lastKnownFileType = sourcecode.c.objc; path = AppDelegate.m; sourceTree = "<group>"; };
		5B8C96FC1DB9AEA800BC4A8A /* ViewController.h */ = {isa = PBXFileReference; lastKnownFileType = sourcecode.c.h; path = ViewController.h; sourceTree = "<group>"; };
		5B8C96FD1DB9AEA800BC4A8A /* ViewController.m */ = {isa = PBXFileReference; lastKnownFileType = sourcecode.c.objc; path = ViewController.m; sourceTree = "<group>"; };
		5B8C97001DB9AEA800BC4A8A /* Base */ = {isa = PBXFileReference; lastKnownFileType = file.storyboard; name = Base; path = Base.lproj/Main.storyboard; sourceTree = "<group>"; };
		5B8C97031DB9AEA800BC4A8A /* Projeto_IOS.xcdatamodel */ = {isa = PBXFileReference; lastKnownFileType = wrapper.xcdatamodel; path = Projeto_IOS.xcdatamodel; sourceTree = "<group>"; };
		5B8C97051DB9AEA800BC4A8A /* Assets.xcassets */ = {isa = PBXFileReference; lastKnownFileType = folder.assetcatalog; path = Assets.xcassets; sourceTree = "<group>"; };
		5B8C97081DB9AEA800BC4A8A /* Base */ = {isa = PBXFileReference; lastKnownFileType = file.storyboard; name = Base; path = Base.lproj/LaunchScreen.storyboard; sourceTree = "<group>"; };
		5B8C970A1DB9AEA800BC4A8A /* Info.plist */ = {isa = PBXFileReference; lastKnownFileType = text.plist.xml; path = Info.plist; sourceTree = "<group>"; };
		5B8C97111DB9AF9900BC4A8A /* MapKit.framework */ = {isa = PBXFileReference; lastKnownFileType = wrapper.framework; name = MapKit.framework; path = System/Library/Frameworks/MapKit.framework; sourceTree = SDKROOT; };
		E3B202C51DCAAA5000271614 /* FavoritosViewController.h */ = {isa = PBXFileReference; fileEncoding = 4; lastKnownFileType = sourcecode.c.h; path = FavoritosViewController.h; sourceTree = "<group>"; };
		E3B202C61DCAAA5000271614 /* FavoritosViewController.m */ = {isa = PBXFileReference; fileEncoding = 4; lastKnownFileType = sourcecode.c.objc; path = FavoritosViewController.m; sourceTree = "<group>"; };
		E3B202C81DCAD3E800271614 /* FavoritosTableViewCell.h */ = {isa = PBXFileReference; fileEncoding = 4; lastKnownFileType = sourcecode.c.h; path = FavoritosTableViewCell.h; sourceTree = "<group>"; };
		E3B202C91DCAD3E800271614 /* FavoritosTableViewCell.m */ = {isa = PBXFileReference; fileEncoding = 4; lastKnownFileType = sourcecode.c.objc; path = FavoritosTableViewCell.m; sourceTree = "<group>"; };
		E3C6BED21DCC1B6200DCB357 /* TabEstabelecimento+CoreDataProperties.h */ = {isa = PBXFileReference; fileEncoding = 4; lastKnownFileType = sourcecode.c.h; path = "TabEstabelecimento+CoreDataProperties.h"; sourceTree = "<group>"; };
		E3C6BED31DCC1B6200DCB357 /* TabEstabelecimento+CoreDataProperties.m */ = {isa = PBXFileReference; fileEncoding = 4; lastKnownFileType = sourcecode.c.objc; path = "TabEstabelecimento+CoreDataProperties.m"; sourceTree = "<group>"; };
/* End PBXFileReference section */

/* Begin PBXFrameworksBuildPhase section */
		5B8C96F01DB9AEA700BC4A8A /* Frameworks */ = {
			isa = PBXFrameworksBuildPhase;
			buildActionMask = 2147483647;
			files = (
				5B8C97121DB9AF9900BC4A8A /* MapKit.framework in Frameworks */,
			);
			runOnlyForDeploymentPostprocessing = 0;
		};
/* End PBXFrameworksBuildPhase section */

/* Begin PBXGroup section */
		5B0AA71C1DC671770057AF29 /* view */ = {
			isa = PBXGroup;
			children = (
				5B0AA7191DC671270057AF29 /* EstabelecimentoTableViewCell.h */,
				5B0AA71A1DC671270057AF29 /* EstabelecimentoTableViewCell.m */,
			);
			name = view;
			sourceTree = "<group>";
		};
		5B0AA71D1DC671870057AF29 /* storyboad */ = {
			isa = PBXGroup;
			children = (
				5B8C96FF1DB9AEA800BC4A8A /* Main.storyboard */,
				5B8C97071DB9AEA800BC4A8A /* LaunchScreen.storyboard */,
			);
			name = storyboad;
			sourceTree = "<group>";
		};
		5B0AA71E1DC67AD20057AF29 /* controller */ = {
			isa = PBXGroup;
			children = (
				5B8C96FC1DB9AEA800BC4A8A /* ViewController.h */,
				5B8C96FD1DB9AEA800BC4A8A /* ViewController.m */,
				5B0AA7201DC67B2E0057AF29 /* EstabelecimentoViewController.h */,
				5B0AA7211DC67B2E0057AF29 /* EstabelecimentoViewController.m */,
			);
			name = controller;
			sourceTree = "<group>";
		};
		5B0AA71F1DC67AE20057AF29 /* model */ = {
			isa = PBXGroup;
			children = (
				5B0AA7131DC630990057AF29 /* Connection.h */,
				5B0AA7141DC630990057AF29 /* Connection.m */,
				5B0AA7161DC653460057AF29 /* Estabelecimento.h */,
				5B0AA7171DC653460057AF29 /* Estabelecimento.m */,
			);
			name = model;
			sourceTree = "<group>";
		};
		5B8C96EA1DB9AEA700BC4A8A = {
			isa = PBXGroup;
			children = (
				5B8C96F51DB9AEA700BC4A8A /* Projeto_IOS */,
				5B8C96F41DB9AEA700BC4A8A /* Products */,
				5B8C97101DB9AF9900BC4A8A /* Frameworks */,
			);
			sourceTree = "<group>";
		};
		5B8C96F41DB9AEA700BC4A8A /* Products */ = {
			isa = PBXGroup;
			children = (
				5B8C96F31DB9AEA700BC4A8A /* Projeto_IOS.app */,
			);
			name = Products;
			sourceTree = "<group>";
		};
		5B8C96F51DB9AEA700BC4A8A /* Projeto_IOS */ = {
			isa = PBXGroup;
			children = (
				E30F85E31DCAA20D00F4CC55 /* coredata */,
				5B0AA71F1DC67AE20057AF29 /* model */,
				5B0AA71E1DC67AD20057AF29 /* controller */,
				5B0AA71C1DC671770057AF29 /* view */,
				5B8C96F91DB9AEA800BC4A8A /* AppDelegate.h */,
				5B8C96FA1DB9AEA800BC4A8A /* AppDelegate.m */,
				5B0AA71D1DC671870057AF29 /* storyboad */,
				5B8C97051DB9AEA800BC4A8A /* Assets.xcassets */,
				5B8C970A1DB9AEA800BC4A8A /* Info.plist */,
				5B8C97021DB9AEA800BC4A8A /* Projeto_IOS.xcdatamodeld */,
				5B8C96F61DB9AEA700BC4A8A /* Supporting Files */,
			);
			path = Projeto_IOS;
			sourceTree = "<group>";
		};
		5B8C96F61DB9AEA700BC4A8A /* Supporting Files */ = {
			isa = PBXGroup;
			children = (
				5B8C96F71DB9AEA800BC4A8A /* main.m */,
			);
			name = "Supporting Files";
			sourceTree = "<group>";
		};
		5B8C97101DB9AF9900BC4A8A /* Frameworks */ = {
			isa = PBXGroup;
			children = (
				5B8C97111DB9AF9900BC4A8A /* MapKit.framework */,
			);
			name = Frameworks;
			sourceTree = "<group>";
		};
		E30F85E31DCAA20D00F4CC55 /* coredata */ = {
			isa = PBXGroup;
			children = (
				E3C6BED21DCC1B6200DCB357 /* TabEstabelecimento+CoreDataProperties.h */,
				E3C6BED31DCC1B6200DCB357 /* TabEstabelecimento+CoreDataProperties.m */,
				E3B202C51DCAAA5000271614 /* FavoritosViewController.h */,
				E3B202C61DCAAA5000271614 /* FavoritosViewController.m */,
				E3B202C81DCAD3E800271614 /* FavoritosTableViewCell.h */,
				E3B202C91DCAD3E800271614 /* FavoritosTableViewCell.m */,
			);
			name = coredata;
			sourceTree = "<group>";
		};
/* End PBXGroup section */

/* Begin PBXNativeTarget section */
		5B8C96F21DB9AEA700BC4A8A /* Projeto_IOS */ = {
			isa = PBXNativeTarget;
			buildConfigurationList = 5B8C970D1DB9AEA800BC4A8A /* Build configuration list for PBXNativeTarget "Projeto_IOS" */;
			buildPhases = (
				5B8C96EF1DB9AEA700BC4A8A /* Sources */,
				5B8C96F01DB9AEA700BC4A8A /* Frameworks */,
				5B8C96F11DB9AEA700BC4A8A /* Resources */,
			);
			buildRules = (
			);
			dependencies = (
			);
			name = Projeto_IOS;
			productName = Projeto_IOS;
			productReference = 5B8C96F31DB9AEA700BC4A8A /* Projeto_IOS.app */;
			productType = "com.apple.product-type.application";
		};
/* End PBXNativeTarget section */

/* Begin PBXProject section */
		5B8C96EB1DB9AEA700BC4A8A /* Project object */ = {
			isa = PBXProject;
			attributes = {
				LastUpgradeCheck = 0810;
				ORGANIZATIONNAME = iesb;
				TargetAttributes = {
					5B8C96F21DB9AEA700BC4A8A = {
						CreatedOnToolsVersion = 8.0;
						DevelopmentTeam = AEYRW5LL6B;
						ProvisioningStyle = Automatic;
						SystemCapabilities = {
							com.apple.Maps.iOS = {
								enabled = 1;
							};
						};
					};
				};
			};
			buildConfigurationList = 5B8C96EE1DB9AEA700BC4A8A /* Build configuration list for PBXProject "Projeto_IOS" */;
			compatibilityVersion = "Xcode 3.2";
			developmentRegion = English;
			hasScannedForEncodings = 0;
			knownRegions = (
				en,
				Base,
			);
			mainGroup = 5B8C96EA1DB9AEA700BC4A8A;
			productRefGroup = 5B8C96F41DB9AEA700BC4A8A /* Products */;
			projectDirPath = "";
			projectRoot = "";
			targets = (
				5B8C96F21DB9AEA700BC4A8A /* Projeto_IOS */,
			);
		};
/* End PBXProject section */

/* Begin PBXResourcesBuildPhase section */
		5B8C96F11DB9AEA700BC4A8A /* Resources */ = {
			isa = PBXResourcesBuildPhase;
			buildActionMask = 2147483647;
			files = (
				5B8C97091DB9AEA800BC4A8A /* LaunchScreen.storyboard in Resources */,
				5B8C97061DB9AEA800BC4A8A /* Assets.xcassets in Resources */,
				5B8C97011DB9AEA800BC4A8A /* Main.storyboard in Resources */,
			);
			runOnlyForDeploymentPostprocessing = 0;
		};
/* End PBXResourcesBuildPhase section */

/* Begin PBXSourcesBuildPhase section */
		5B8C96EF1DB9AEA700BC4A8A /* Sources */ = {
			isa = PBXSourcesBuildPhase;
			buildActionMask = 2147483647;
			files = (
				E3B202C71DCAAA5000271614 /* FavoritosViewController.m in Sources */,
				5B8C96FE1DB9AEA800BC4A8A /* ViewController.m in Sources */,
				5B8C97041DB9AEA800BC4A8A /* Projeto_IOS.xcdatamodeld in Sources */,
				5B8C96FB1DB9AEA800BC4A8A /* AppDelegate.m in Sources */,
				5B0AA71B1DC671270057AF29 /* EstabelecimentoTableViewCell.m in Sources */,
				E3B202CA1DCAD3E800271614 /* FavoritosTableViewCell.m in Sources */,
				5B8C96F81DB9AEA800BC4A8A /* main.m in Sources */,
				E3C6BED41DCC1B6200DCB357 /* TabEstabelecimento+CoreDataProperties.m in Sources */,
				5B0AA7221DC67B2E0057AF29 /* EstabelecimentoViewController.m in Sources */,
				5B0AA7181DC653460057AF29 /* Estabelecimento.m in Sources */,
				5B0AA7151DC630990057AF29 /* Connection.m in Sources */,
			);
			runOnlyForDeploymentPostprocessing = 0;
		};
/* End PBXSourcesBuildPhase section */

/* Begin PBXVariantGroup section */
		5B8C96FF1DB9AEA800BC4A8A /* Main.storyboard */ = {
			isa = PBXVariantGroup;
			children = (
				5B8C97001DB9AEA800BC4A8A /* Base */,
			);
			name = Main.storyboard;
			sourceTree = "<group>";
		};
		5B8C97071DB9AEA800BC4A8A /* LaunchScreen.storyboard */ = {
			isa = PBXVariantGroup;
			children = (
				5B8C97081DB9AEA800BC4A8A /* Base */,
			);
			name = LaunchScreen.storyboard;
			sourceTree = "<group>";
		};
/* End PBXVariantGroup section */

/* Begin XCBuildConfiguration section */
		5B8C970B1DB9AEA800BC4A8A /* Debug */ = {
			isa = XCBuildConfiguration;
			buildSettings = {
				ALWAYS_SEARCH_USER_PATHS = NO;
				CLANG_ANALYZER_NONNULL = YES;
				CLANG_CXX_LANGUAGE_STANDARD = "gnu++0x";
				CLANG_CXX_LIBRARY = "libc++";
				CLANG_ENABLE_MODULES = YES;
				CLANG_ENABLE_OBJC_ARC = YES;
				CLANG_WARN_BOOL_CONVERSION = YES;
				CLANG_WARN_CONSTANT_CONVERSION = YES;
				CLANG_WARN_DIRECT_OBJC_ISA_USAGE = YES_ERROR;
				CLANG_WARN_DOCUMENTATION_COMMENTS = YES;
				CLANG_WARN_EMPTY_BODY = YES;
				CLANG_WARN_ENUM_CONVERSION = YES;
				CLANG_WARN_INFINITE_RECURSION = YES;
				CLANG_WARN_INT_CONVERSION = YES;
				CLANG_WARN_OBJC_ROOT_CLASS = YES_ERROR;
				CLANG_WARN_SUSPICIOUS_MOVE = YES;
				CLANG_WARN_SUSPICIOUS_MOVES = YES;
				CLANG_WARN_UNREACHABLE_CODE = YES;
				CLANG_WARN__DUPLICATE_METHOD_MATCH = YES;
				"CODE_SIGN_IDENTITY[sdk=iphoneos*]" = "iPhone Developer";
				COPY_PHASE_STRIP = NO;
				DEBUG_INFORMATION_FORMAT = dwarf;
				ENABLE_STRICT_OBJC_MSGSEND = YES;
				ENABLE_TESTABILITY = YES;
				GCC_C_LANGUAGE_STANDARD = gnu99;
				GCC_DYNAMIC_NO_PIC = NO;
				GCC_NO_COMMON_BLOCKS = YES;
				GCC_OPTIMIZATION_LEVEL = 0;
				GCC_PREPROCESSOR_DEFINITIONS = (
					"DEBUG=1",
					"$(inherited)",
				);
				GCC_WARN_64_TO_32_BIT_CONVERSION = YES;
				GCC_WARN_ABOUT_RETURN_TYPE = YES_ERROR;
				GCC_WARN_UNDECLARED_SELECTOR = YES;
				GCC_WARN_UNINITIALIZED_AUTOS = YES_AGGRESSIVE;
				GCC_WARN_UNUSED_FUNCTION = YES;
				GCC_WARN_UNUSED_VARIABLE = YES;
				IPHONEOS_DEPLOYMENT_TARGET = 8.0;
				MTL_ENABLE_DEBUG_INFO = YES;
				ONLY_ACTIVE_ARCH = YES;
				SDKROOT = iphoneos;
			};
			name = Debug;
		};
		5B8C970C1DB9AEA800BC4A8A /* Release */ = {
			isa = XCBuildConfiguration;
			buildSettings = {
				ALWAYS_SEARCH_USER_PATHS = NO;
				CLANG_ANALYZER_NONNULL = YES;
				CLANG_CXX_LANGUAGE_STANDARD = "gnu++0x";
				CLANG_CXX_LIBRARY = "libc++";
				CLANG_ENABLE_MODULES = YES;
				CLANG_ENABLE_OBJC_ARC = YES;
				CLANG_WARN_BOOL_CONVERSION = YES;
				CLANG_WARN_CONSTANT_CONVERSION = YES;
				CLANG_WARN_DIRECT_OBJC_ISA_USAGE = YES_ERROR;
				CLANG_WARN_DOCUMENTATION_COMMENTS = YES;
				CLANG_WARN_EMPTY_BODY = YES;
				CLANG_WARN_ENUM_CONVERSION = YES;
				CLANG_WARN_INFINITE_RECURSION = YES;
				CLANG_WARN_INT_CONVERSION = YES;
				CLANG_WARN_OBJC_ROOT_CLASS = YES_ERROR;
				CLANG_WARN_SUSPICIOUS_MOVE = YES;
				CLANG_WARN_SUSPICIOUS_MOVES = YES;
				CLANG_WARN_UNREACHABLE_CODE = YES;
				CLANG_WARN__DUPLICATE_METHOD_MATCH = YES;
				"CODE_SIGN_IDENTITY[sdk=iphoneos*]" = "iPhone Developer";
				COPY_PHASE_STRIP = NO;
				DEBUG_INFORMATION_FORMAT = "dwarf-with-dsym";
				ENABLE_NS_ASSERTIONS = NO;
				ENABLE_STRICT_OBJC_MSGSEND = YES;
				GCC_C_LANGUAGE_STANDARD = gnu99;
				GCC_NO_COMMON_BLOCKS = YES;
				GCC_WARN_64_TO_32_BIT_CONVERSION = YES;
				GCC_WARN_ABOUT_RETURN_TYPE = YES_ERROR;
				GCC_WARN_UNDECLARED_SELECTOR = YES;
				GCC_WARN_UNINITIALIZED_AUTOS = YES_AGGRESSIVE;
				GCC_WARN_UNUSED_FUNCTION = YES;
				GCC_WARN_UNUSED_VARIABLE = YES;
				IPHONEOS_DEPLOYMENT_TARGET = 8.0;
				MTL_ENABLE_DEBUG_INFO = NO;
				SDKROOT = iphoneos;
				VALIDATE_PRODUCT = YES;
			};
			name = Release;
		};
		5B8C970E1DB9AEA800BC4A8A /* Debug */ = {
			isa = XCBuildConfiguration;
			buildSettings = {
				ASSETCATALOG_COMPILER_APPICON_NAME = AppIcon;
				DEVELOPMENT_TEAM = AEYRW5LL6B;
				INFOPLIST_FILE = Projeto_IOS/Info.plist;
				LD_RUNPATH_SEARCH_PATHS = "$(inherited) @executable_path/Frameworks";
				PRODUCT_BUNDLE_IDENTIFIER = "iesb.Projeto-IOS";
				PRODUCT_NAME = "$(TARGET_NAME)";
			};
			name = Debug;
		};
		5B8C970F1DB9AEA800BC4A8A /* Release */ = {
			isa = XCBuildConfiguration;
			buildSettings = {
				ASSETCATALOG_COMPILER_APPICON_NAME = AppIcon;
				DEVELOPMENT_TEAM = AEYRW5LL6B;
				INFOPLIST_FILE = Projeto_IOS/Info.plist;
				LD_RUNPATH_SEARCH_PATHS = "$(inherited) @executable_path/Frameworks";
				PRODUCT_BUNDLE_IDENTIFIER = "iesb.Projeto-IOS";
				PRODUCT_NAME = "$(TARGET_NAME)";
			};
			name = Release;
		};
/* End XCBuildConfiguration section */

/* Begin XCConfigurationList section */
		5B8C96EE1DB9AEA700BC4A8A /* Build configuration list for PBXProject "Projeto_IOS" */ = {
			isa = XCConfigurationList;
			buildConfigurations = (
				5B8C970B1DB9AEA800BC4A8A /* Debug */,
				5B8C970C1DB9AEA800BC4A8A /* Release */,
			);
			defaultConfigurationIsVisible = 0;
			defaultConfigurationName = Release;
		};
		5B8C970D1DB9AEA800BC4A8A /* Build configuration list for PBXNativeTarget "Projeto_IOS" */ = {
			isa = XCConfigurationList;
			buildConfigurations = (
				5B8C970E1DB9AEA800BC4A8A /* Debug */,
				5B8C970F1DB9AEA800BC4A8A /* Release */,
			);
			defaultConfigurationIsVisible = 0;
			defaultConfigurationName = Release;
		};
/* End XCConfigurationList section */

/* Begin XCVersionGroup section */
		5B8C97021DB9AEA800BC4A8A /* Projeto_IOS.xcdatamodeld */ = {
			isa = XCVersionGroup;
			children = (
				5B8C97031DB9AEA800BC4A8A /* Projeto_IOS.xcdatamodel */,
			);
			currentVersion = 5B8C97031DB9AEA800BC4A8A /* Projeto_IOS.xcdatamodel */;
			path = Projeto_IOS.xcdatamodeld;
			sourceTree = "<group>";
			versionGroupType = wrapper.xcdatamodel;
		};
/* End XCVersionGroup section */
	};
	rootObject = 5B8C96EB1DB9AEA700BC4A8A /* Project object */;
}
